
Microsoft Visual Studio Solution File, Format Version 12.00
# Visual Studio Version 17
VisualStudioVersion = 17.10.35122.118
MinimumVisualStudioVersion = 10.0.40219.1
Project("{FAE04EC0-301F-11D3-BF4B-00C04F79EFBC}") = "ExamenGrupal_Tanaka", "ExamenGrupal_Tanaka\ExamenGrupal_Tanaka.csproj", "{964BBAF6-4C56-46C0-9674-9D534C22CA01}"
EndProject
Global
	GlobalSection(SolutionConfigurationPlatforms) = preSolution
		Debug|Any CPU = Debug|Any CPU
		Release|Any CPU = Release|Any CPU
	EndGlobalSection
	GlobalSection(ProjectConfigurationPlatforms) = postSolution
		{964BBAF6-4C56-46C0-9674-9D534C22CA01}.Debug|Any CPU.ActiveCfg = Debug|Any CPU
		{964BBAF6-4C56-46C0-9674-9D534C22CA01}.Debug|Any CPU.Build.0 = Debug|Any CPU
		{964BBAF6-4C56-46C0-9674-9D534C22CA01}.Release|Any CPU.ActiveCfg = Release|Any CPU
		{964BBAF6-4C56-46C0-9674-9D534C22CA01}.Release|Any CPU.Build.0 = Release|Any CPU
	EndGlobalSection
	GlobalSection(SolutionProperties) = preSolution
		HideSolutionNode = FALSE
	EndGlobalSection
	GlobalSection(ExtensibilityGlobals) = postSolution
		SolutionGuid = {D644E434-2AA0-46D5-B3E6-0CBCD3298B42}
	EndGlobalSection
EndGlobal
